
Microsoft Visual Studio Solution File, Format Version 12.00
# Visual Studio 2013
VisualStudioVersion = 12.0.40629.0
MinimumVisualStudioVersion = 10.0.40219.1
Project("{FAE04EC0-301F-11D3-BF4B-00C04F79EFBC}") = "Tuner", "DXApplication1\Tuner\Tuner.csproj", "{B7D89D97-D503-44EA-AB9B-B2DE1BBCE5C3}"
EndProject
Project("{FAE04EC0-301F-11D3-BF4B-00C04F79EFBC}") = "SoundAlalysis.BL", "SoundAlalysis.BL\SoundAlalysis.BL.csproj", "{92D5E85D-AF0F-4656-ADF9-43C3F95C5673}"
EndProject
Project("{FAE04EC0-301F-11D3-BF4B-00C04F79EFBC}") = "SoundCapture.BL", "SoundCapture.BL\SoundCapture.BL.csproj", "{2C403593-2909-4077-B128-F58012F69FA8}"
EndProject
Global
	GlobalSection(SolutionConfigurationPlatforms) = preSolution
		Debug|Any CPU = Debug|Any CPU
		Release|Any CPU = Release|Any CPU
	EndGlobalSection
	GlobalSection(ProjectConfigurationPlatforms) = postSolution
		{B7D89D97-D503-44EA-AB9B-B2DE1BBCE5C3}.Debug|Any CPU.ActiveCfg = Debug|Any CPU
		{B7D89D97-D503-44EA-AB9B-B2DE1BBCE5C3}.Debug|Any CPU.Build.0 = Debug|Any CPU
		{B7D89D97-D503-44EA-AB9B-B2DE1BBCE5C3}.Release|Any CPU.ActiveCfg = Release|Any CPU
		{B7D89D97-D503-44EA-AB9B-B2DE1BBCE5C3}.Release|Any CPU.Build.0 = Release|Any CPU
		{92D5E85D-AF0F-4656-ADF9-43C3F95C5673}.Debug|Any CPU.ActiveCfg = Debug|Any CPU
		{92D5E85D-AF0F-4656-ADF9-43C3F95C5673}.Debug|Any CPU.Build.0 = Debug|Any CPU
		{92D5E85D-AF0F-4656-ADF9-43C3F95C5673}.Release|Any CPU.ActiveCfg = Release|Any CPU
		{92D5E85D-AF0F-4656-ADF9-43C3F95C5673}.Release|Any CPU.Build.0 = Release|Any CPU
		{2C403593-2909-4077-B128-F58012F69FA8}.Debug|Any CPU.ActiveCfg = Debug|Any CPU
		{2C403593-2909-4077-B128-F58012F69FA8}.Debug|Any CPU.Build.0 = Debug|Any CPU
		{2C403593-2909-4077-B128-F58012F69FA8}.Release|Any CPU.ActiveCfg = Release|Any CPU
		{2C403593-2909-4077-B128-F58012F69FA8}.Release|Any CPU.Build.0 = Release|Any CPU
	EndGlobalSection
	GlobalSection(SolutionProperties) = preSolution
		HideSolutionNode = FALSE
	EndGlobalSection
EndGlobal
